
Microsoft Visual Studio Solution File, Format Version 12.00
# Visual Studio Version 18
VisualStudioVersion = 18.7.11919.86 stable
MinimumVisualStudioVersion = 10.0.40219.1
Project("{FAE04EC0-301F-11D3-BF4B-00C04F79EFBC}") = "MsDynamics365MCP.MCPClient", "src\MsDynamics365MCP.MCPClient\MsDynamics365MCP.MCPClient.csproj", "{D9579C5A-667F-4183-9EFB-EE4E5EB396AF}"
EndProject
Project("{FAE04EC0-301F-11D3-BF4B-00C04F79EFBC}") = "MsDynamics365MCP.MCPServer", "src\MsDynamics365MCP.MCPServer\MsDynamics365MCP.MCPServer.csproj", "{9F3AD60D-30E3-49A1-8FE5-852B3929C60C}"
EndProject
Project("{2150E333-8FDC-42A3-9474-1A3956D46DE8}") = "src", "src", "{827E0CD3-B72D-47B6-A68D-7590B98EB39B}"
EndProject
Project("{FAE04EC0-301F-11D3-BF4B-00C04F79EFBC}") = "MSDynamicsCRM.API", "src\MSDynamicsCRM.API\MSDynamicsCRM.API.csproj", "{68A513F7-8DEA-47D8-BF71-0AD6A92E8AF8}"
EndProject
Project("{2150E333-8FDC-42A3-9474-1A3956D46DE8}") = "Solution Items", "Solution Items", "{8EC462FD-D22E-90A8-E5CE-7E832BA40C5D}"
	ProjectSection(SolutionItems) = preProject
		mcp.json = mcp.json
	EndProjectSection
EndProject
Global
	GlobalSection(SolutionConfigurationPlatforms) = preSolution
		Debug|Any CPU = Debug|Any CPU
		Debug|x64 = Debug|x64
		Debug|x86 = Debug|x86
		Release|Any CPU = Release|Any CPU
		Release|x64 = Release|x64
		Release|x86 = Release|x86
	EndGlobalSection
	GlobalSection(ProjectConfigurationPlatforms) = postSolution
		{D9579C5A-667F-4183-9EFB-EE4E5EB396AF}.Debug|Any CPU.ActiveCfg = Debug|Any CPU
		{D9579C5A-667F-4183-9EFB-EE4E5EB396AF}.Debug|Any CPU.Build.0 = Debug|Any CPU
		{D9579C5A-667F-4183-9EFB-EE4E5EB396AF}.Debug|x64.ActiveCfg = Debug|Any CPU
		{D9579C5A-667F-4183-9EFB-EE4E5EB396AF}.Debug|x64.Build.0 = Debug|Any CPU
		{D9579C5A-667F-4183-9EFB-EE4E5EB396AF}.Debug|x86.ActiveCfg = Debug|Any CPU
		{D9579C5A-667F-4183-9EFB-EE4E5EB396AF}.Debug|x86.Build.0 = Debug|Any CPU
		{D9579C5A-667F-4183-9EFB-EE4E5EB396AF}.Release|Any CPU.ActiveCfg = Release|Any CPU
		{D9579C5A-667F-4183-9EFB-EE4E5EB396AF}.Release|Any CPU.Build.0 = Release|Any CPU
		{D9579C5A-667F-4183-9EFB-EE4E5EB396AF}.Release|x64.ActiveCfg = Release|Any CPU
		{D9579C5A-667F-4183-9EFB-EE4E5EB396AF}.Release|x64.Build.0 = Release|Any CPU
		{D9579C5A-667F-4183-9EFB-EE4E5EB396AF}.Release|x86.ActiveCfg = Release|Any CPU
		{D9579C5A-667F-4183-9EFB-EE4E5EB396AF}.Release|x86.Build.0 = Release|Any CPU
		{9F3AD60D-30E3-49A1-8FE5-852B3929C60C}.Debug|Any CPU.ActiveCfg = Debug|Any CPU
		{9F3AD60D-30E3-49A1-8FE5-852B3929C60C}.Debug|Any CPU.Build.0 = Debug|Any CPU
		{9F3AD60D-30E3-49A1-8FE5-852B3929C60C}.Debug|x64.ActiveCfg = Debug|Any CPU
		{9F3AD60D-30E3-49A1-8FE5-852B3929C60C}.Debug|x64.Build.0 = Debug|Any CPU
		{9F3AD60D-30E3-49A1-8FE5-852B3929C60C}.Debug|x86.ActiveCfg = Debug|Any CPU
		{9F3AD60D-30E3-49A1-8FE5-852B3929C60C}.Debug|x86.Build.0 = Debug|Any CPU
		{9F3AD60D-30E3-49A1-8FE5-852B3929C60C}.Release|Any CPU.ActiveCfg = Release|Any CPU
		{9F3AD60D-30E3-49A1-8FE5-852B3929C60C}.Release|Any CPU.Build.0 = Release|Any CPU
		{9F3AD60D-30E3-49A1-8FE5-852B3929C60C}.Release|x64.ActiveCfg = Release|Any CPU
		{9F3AD60D-30E3-49A1-8FE5-852B3929C60C}.Release|x64.Build.0 = Release|Any CPU
		{9F3AD60D-30E3-49A1-8FE5-852B3929C60C}.Release|x86.ActiveCfg = Release|Any CPU
		{9F3AD60D-30E3-49A1-8FE5-852B3929C60C}.Release|x86.Build.0 = Release|Any CPU
		{68A513F7-8DEA-47D8-BF71-0AD6A92E8AF8}.Debug|Any CPU.ActiveCfg = Debug|Any CPU
		{68A513F7-8DEA-47D8-BF71-0AD6A92E8AF8}.Debug|Any CPU.Build.0 = Debug|Any CPU
		{68A513F7-8DEA-47D8-BF71-0AD6A92E8AF8}.Debug|x64.ActiveCfg = Debug|Any CPU
		{68A513F7-8DEA-47D8-BF71-0AD6A92E8AF8}.Debug|x64.Build.0 = Debug|Any CPU
		{68A513F7-8DEA-47D8-BF71-0AD6A92E8AF8}.Debug|x86.ActiveCfg = Debug|Any CPU
		{68A513F7-8DEA-47D8-BF71-0AD6A92E8AF8}.Debug|x86.Build.0 = Debug|Any CPU
		{68A513F7-8DEA-47D8-BF71-0AD6A92E8AF8}.Release|Any CPU.ActiveCfg = Release|Any CPU
		{68A513F7-8DEA-47D8-BF71-0AD6A92E8AF8}.Release|Any CPU.Build.0 = Release|Any CPU
		{68A513F7-8DEA-47D8-BF71-0AD6A92E8AF8}.Release|x64.ActiveCfg = Release|Any CPU
		{68A513F7-8DEA-47D8-BF71-0AD6A92E8AF8}.Release|x64.Build.0 = Release|Any CPU
		{68A513F7-8DEA-47D8-BF71-0AD6A92E8AF8}.Release|x86.ActiveCfg = Release|Any CPU
		{68A513F7-8DEA-47D8-BF71-0AD6A92E8AF8}.Release|x86.Build.0 = Release|Any CPU
	EndGlobalSection
	GlobalSection(SolutionProperties) = preSolution
		HideSolutionNode = FALSE
	EndGlobalSection
	GlobalSection(NestedProjects) = preSolution
		{D9579C5A-667F-4183-9EFB-EE4E5EB396AF} = {827E0CD3-B72D-47B6-A68D-7590B98EB39B}
		{9F3AD60D-30E3-49A1-8FE5-852B3929C60C} = {827E0CD3-B72D-47B6-A68D-7590B98EB39B}
		{68A513F7-8DEA-47D8-BF71-0AD6A92E8AF8} = {827E0CD3-B72D-47B6-A68D-7590B98EB39B}
	EndGlobalSection
	GlobalSection(ExtensibilityGlobals) = postSolution
		SolutionGuid = {F00BCC41-1CE2-488D-87FF-C742811BA190}
	EndGlobalSection
EndGlobal
